
Microsoft Visual Studio Solution File, Format Version 12.00
# Visual Studio Version 18
VisualStudioVersion = 18.1.11304.174 d18.0
MinimumVisualStudioVersion = 10.0.40219.1
Project("{FAE04EC0-301F-11D3-BF4B-00C04F79EFBC}") = "Eventa.Server", "Eventa.Server\Eventa.Server.csproj", "{9B51F9AF-B94B-476A-948F-81FBEB20E262}"
EndProject
Project("{FAE04EC0-301F-11D3-BF4B-00C04F79EFBC}") = "Eventa.Domain", "Eventa.Domain\Eventa.Domain.csproj", "{30D98096-9BA2-4543-A595-78E631AE0F5D}"
EndProject
Project("{FAE04EC0-301F-11D3-BF4B-00C04F79EFBC}") = "Eventa.Application", "Eventa.Application\Eventa.Application.csproj", "{2B66FD50-CC37-4D27-8288-0EF0B3163E72}"
EndProject
Project("{FAE04EC0-301F-11D3-BF4B-00C04F79EFBC}") = "Eventa.Infrastructure", "Eventa.Infrastructure\Eventa.Infrastructure.csproj", "{4A61729D-44A3-0FD2-2C54-24DA4FC7F71E}"
EndProject
Global
	GlobalSection(SolutionConfigurationPlatforms) = preSolution
		Debug|Any CPU = Debug|Any CPU
		Release|Any CPU = Release|Any CPU
	EndGlobalSection
	GlobalSection(ProjectConfigurationPlatforms) = postSolution
		{9B51F9AF-B94B-476A-948F-81FBEB20E262}.Debug|Any CPU.ActiveCfg = Debug|Any CPU
		{9B51F9AF-B94B-476A-948F-81FBEB20E262}.Debug|Any CPU.Build.0 = Debug|Any CPU
		{9B51F9AF-B94B-476A-948F-81FBEB20E262}.Release|Any CPU.ActiveCfg = Release|Any CPU
		{9B51F9AF-B94B-476A-948F-81FBEB20E262}.Release|Any CPU.Build.0 = Release|Any CPU
		{30D98096-9BA2-4543-A595-78E631AE0F5D}.Debug|Any CPU.ActiveCfg = Debug|Any CPU
		{30D98096-9BA2-4543-A595-78E631AE0F5D}.Release|Any CPU.ActiveCfg = Release|Any CPU
		{30D98096-9BA2-4543-A595-78E631AE0F5D}.Release|Any CPU.Build.0 = Release|Any CPU
		{2B66FD50-CC37-4D27-8288-0EF0B3163E72}.Debug|Any CPU.ActiveCfg = Debug|Any CPU
		{2B66FD50-CC37-4D27-8288-0EF0B3163E72}.Release|Any CPU.ActiveCfg = Release|Any CPU
		{2B66FD50-CC37-4D27-8288-0EF0B3163E72}.Release|Any CPU.Build.0 = Release|Any CPU
		{4A61729D-44A3-0FD2-2C54-24DA4FC7F71E}.Debug|Any CPU.ActiveCfg = Debug|Any CPU
		{4A61729D-44A3-0FD2-2C54-24DA4FC7F71E}.Debug|Any CPU.Build.0 = Debug|Any CPU
		{4A61729D-44A3-0FD2-2C54-24DA4FC7F71E}.Release|Any CPU.ActiveCfg = Release|Any CPU
		{4A61729D-44A3-0FD2-2C54-24DA4FC7F71E}.Release|Any CPU.Build.0 = Release|Any CPU
	EndGlobalSection
	GlobalSection(SolutionProperties) = preSolution
		HideSolutionNode = FALSE
	EndGlobalSection
	GlobalSection(ExtensibilityGlobals) = postSolution
		SolutionGuid = {B9FE222F-88BB-4F5F-8C27-B6EF807E002C}
	EndGlobalSection
EndGlobal
